// !$*UTF8*$!
{
	archiveVersion = 1;
	classes = {
	};
	objectVersion = 50;
	objects = {

/* Begin PBXBuildFile section */
		807C23C823C338B200F058FD /* AppDelegate.swift in Sources */ = {isa = PBXBuildFile; fileRef = 807C23C723C338B200F058FD /* AppDelegate.swift */; };
		807C23CA23C338B200F058FD /* ContentView.swift in Sources */ = {isa = PBXBuildFile; fileRef = 807C23C923C338B200F058FD /* ContentView.swift */; };
		807C23CD23C338B200F058FD /* kgTrack_macOS.xcdatamodeld in Sources */ = {isa = PBXBuildFile; fileRef = 807C23CB23C338B200F058FD /* kgTrack_macOS.xcdatamodeld */; };
		807C23CF23C338B400F058FD /* Assets.xcassets in Resources */ = {isa = PBXBuildFile; fileRef = 807C23CE23C338B400F058FD /* Assets.xcassets */; };
		807C23D223C338B400F058FD /* Preview Assets.xcassets in Resources */ = {isa = PBXBuildFile; fileRef = 807C23D123C338B400F058FD /* Preview Assets.xcassets */; };
		807C23D523C338B400F058FD /* Main.storyboard in Resources */ = {isa = PBXBuildFile; fileRef = 807C23D323C338B400F058FD /* Main.storyboard */; };
/* End PBXBuildFile section */

/* Begin PBXFileReference section */
		807C23C423C338B200F058FD /* kgTrack-macOS.app */ = {isa = PBXFileReference; explicitFileType = wrapper.application; includeInIndex = 0; path = "kgTrack-macOS.app"; sourceTree = BUILT_PRODUCTS_DIR; };
		807C23C723C338B200F058FD /* AppDelegate.swift */ = {isa = PBXFileReference; lastKnownFileType = sourcecode.swift; path = AppDelegate.swift; sourceTree = "<group>"; };
		807C23C923C338B200F058FD /* ContentView.swift */ = {isa = PBXFileReference; lastKnownFileType = sourcecode.swift; path = ContentView.swift; sourceTree = "<group>"; };
		807C23CC23C338B200F058FD /* kgTrack_macOS.xcdatamodel */ = {isa = PBXFileReference; lastKnownFileType = wrapper.xcdatamodel; path = kgTrack_macOS.xcdatamodel; sourceTree = "<group>"; };
		807C23CE23C338B400F058FD /* Assets.xcassets */ = {isa = PBXFileReference; lastKnownFileType = folder.assetcatalog; path = Assets.xcassets; sourceTree = "<group>"; };
		807C23D123C338B400F058FD /* Preview Assets.xcassets */ = {isa = PBXFileReference; lastKnownFileType = folder.assetcatalog; path = "Preview Assets.xcassets"; sourceTree = "<group>"; };
		807C23D423C338B400F058FD /* Base */ = {isa = PBXFileReference; lastKnownFileType = file.storyboard; name = Base; path = Base.lproj/Main.storyboard; sourceTree = "<group>"; };
		807C23D623C338B400F058FD /* Info.plist */ = {isa = PBXFileReference; lastKnownFileType = text.plist.xml; path = Info.plist; sourceTree = "<group>"; };
		807C23D723C338B400F058FD /* kgTrack_macOS.entitlements */ = {isa = PBXFileReference; lastKnownFileType = text.plist.entitlements; path = kgTrack_macOS.entitlements; sourceTree = "<group>"; };
/* End PBXFileReference section */

/* Begin PBXFrameworksBuildPhase section */
		807C23C123C338B200F058FD /* Frameworks */ = {
			isa = PBXFrameworksBuildPhase;
			buildActionMask = 2147483647;
			files = (
			);
			runOnlyForDeploymentPostprocessing = 0;
		};
/* End PBXFrameworksBuildPhase section */

/* Begin PBXGroup section */
		807C23BB23C338B200F058FD = {
			isa = PBXGroup;
			children = (
				807C23C623C338B200F058FD /* kgTrack-macOS */,
				807C23C523C338B200F058FD /* Products */,
			);
			sourceTree = "<group>";
		};
		807C23C523C338B200F058FD /* Products */ = {
			isa = PBXGroup;
			children = (
				807C23C423C338B200F058FD /* kgTrack-macOS.app */,
			);
			name = Products;
			sourceTree = "<group>";
		};
		807C23C623C338B200F058FD /* kgTrack-macOS */ = {
			isa = PBXGroup;
			children = (
				807C23C723C338B200F058FD /* AppDelegate.swift */,
				807C23C923C338B200F058FD /* ContentView.swift */,
				807C23CE23C338B400F058FD /* Assets.xcassets */,
				807C23D323C338B400F058FD /* Main.storyboard */,
				807C23D623C338B400F058FD /* Info.plist */,
				807C23D723C338B400F058FD /* kgTrack_macOS.entitlements */,
				807C23CB23C338B200F058FD /* kgTrack_macOS.xcdatamodeld */,
				807C23D023C338B400F058FD /* Preview Content */,
			);
			path = "kgTrack-macOS";
			sourceTree = "<group>";
		};
		807C23D023C338B400F058FD /* Preview Content */ = {
			isa = PBXGroup;
			children = (
				807C23D123C338B400F058FD /* Preview Assets.xcassets */,
			);
			path = "Preview Content";
			sourceTree = "<group>";
		};
/* End PBXGroup section */

/* Begin PBXNativeTarget section */
		807C23C323C338B200F058FD /* kgTrack-macOS */ = {
			isa = PBXNativeTarget;
			buildConfigurationList = 807C23DA23C338B400F058FD /* Build configuration list for PBXNativeTarget "kgTrack-macOS" */;
			buildPhases = (
				807C23C023C338B200F058FD /* Sources */,
				807C23C123C338B200F058FD /* Frameworks */,
				807C23C223C338B200F058FD /* Resources */,
			);
			buildRules = (
			);
			dependencies = (
			);
			name = "kgTrack-macOS";
			productName = "kgTrack-macOS";
			productReference = 807C23C423C338B200F058FD /* kgTrack-macOS.app */;
			productType = "com.apple.product-type.application";
		};
/* End PBXNativeTarget section */

/* Begin PBXProject section */
		807C23BC23C338B200F058FD /* Project object */ = {
			isa = PBXProject;
			attributes = {
				LastSwiftUpdateCheck = 1130;
				LastUpgradeCheck = 1130;
				ORGANIZATIONNAME = "Steven Brown";
				TargetAttributes = {
					807C23C323C338B200F058FD = {
						CreatedOnToolsVersion = 11.3;
					};
				};
			};
			buildConfigurationList = 807C23BF23C338B200F058FD /* Build configuration list for PBXProject "kgTrack-macOS" */;
			compatibilityVersion = "Xcode 9.3";
			developmentRegion = en;
			hasScannedForEncodings = 0;
			knownRegions = (
				en,
				Base,
			);
			mainGroup = 807C23BB23C338B200F058FD;
			productRefGroup = 807C23C523C338B200F058FD /* Products */;
			projectDirPath = "";
			projectRoot = "";
			targets = (
				807C23C323C338B200F058FD /* kgTrack-macOS */,
			);
		};
/* End PBXProject section */

/* Begin PBXResourcesBuildPhase section */
		807C23C223C338B200F058FD /* Resources */ = {
			isa = PBXResourcesBuildPhase;
			buildActionMask = 2147483647;
			files = (
				807C23D523C338B400F058FD /* Main.storyboard in Resources */,
				807C23D223C338B400F058FD /* Preview Assets.xcassets in Resources */,
				807C23CF23C338B400F058FD /* Assets.xcassets in Resources */,
			);
			runOnlyForDeploymentPostprocessing = 0;
		};
/* End PBXResourcesBuildPhase section */

/* Begin PBXSourcesBuildPhase section */
		807C23C023C338B200F058FD /* Sources */ = {
			isa = PBXSourcesBuildPhase;
			buildActionMask = 2147483647;
			files = (
				807C23CA23C338B200F058FD /* ContentView.swift in Sources */,
				807C23CD23C338B200F058FD /* kgTrack_macOS.xcdatamodeld in Sources */,
				807C23C823C338B200F058FD /* AppDelegate.swift in Sources */,
			);
			runOnlyForDeploymentPostprocessing = 0;
		};
/* End PBXSourcesBuildPhase section */

/* Begin PBXVariantGroup section */
		807C23D323C338B400F058FD /* Main.storyboard */ = {
			isa = PBXVariantGroup;
			children = (
				807C23D423C338B400F058FD /* Base */,
			);
			name = Main.storyboard;
			sourceTree = "<group>";
		};
/* End PBXVariantGroup section */

/* Begin XCBuildConfiguration section */
		807C23D823C338B400F058FD /* Debug */ = {
			isa = XCBuildConfiguration;
			buildSettings = {
				ALWAYS_SEARCH_USER_PATHS = NO;
				CLANG_ANALYZER_NONNULL = YES;
				CLANG_ANALYZER_NUMBER_OBJECT_CONVERSION = YES_AGGRESSIVE;
				CLANG_CXX_LANGUAGE_STANDARD = "gnu++14";
				CLANG_CXX_LIBRARY = "libc++";
				CLANG_ENABLE_MODULES = YES;
				CLANG_ENABLE_OBJC_ARC = YES;
				CLANG_ENABLE_OBJC_WEAK = YES;
				CLANG_WARN_BLOCK_CAPTURE_AUTORELEASING = YES;
				CLANG_WARN_BOOL_CONVERSION = YES;
				CLANG_WARN_COMMA = YES;
				CLANG_WARN_CONSTANT_CONVERSION = YES;
				CLANG_WARN_DEPRECATED_OBJC_IMPLEMENTATIONS = YES;
				CLANG_WARN_DIRECT_OBJC_ISA_USAGE = YES_ERROR;
				CLANG_WARN_DOCUMENTATION_COMMENTS = YES;
				CLANG_WARN_EMPTY_BODY = YES;
				CLANG_WARN_ENUM_CONVERSION = YES;
				CLANG_WARN_INFINITE_RECURSION = YES;
				CLANG_WARN_INT_CONVERSION = YES;
				CLANG_WARN_NON_LITERAL_NULL_CONVERSION = YES;
				CLANG_WARN_OBJC_IMPLICIT_RETAIN_SELF = YES;
				CLANG_WARN_OBJC_LITERAL_CONVERSION = YES;
				CLANG_WARN_OBJC_ROOT_CLASS = YES_ERROR;
				CLANG_WARN_RANGE_LOOP_ANALYSIS = YES;
				CLANG_WARN_STRICT_PROTOTYPES = YES;
				CLANG_WARN_SUSPICIOUS_MOVE = YES;
				CLANG_WARN_UNGUARDED_AVAILABILITY = YES_AGGRESSIVE;
				CLANG_WARN_UNREACHABLE_CODE = YES;
				CLANG_WARN__DUPLICATE_METHOD_MATCH = YES;
				COPY_PHASE_STRIP = NO;
				DEBUG_INFORMATION_FORMAT = dwarf;
				ENABLE_STRICT_OBJC_MSGSEND = YES;
				ENABLE_TESTABILITY = YES;
				GCC_C_LANGUAGE_STANDARD = gnu11;
				GCC_DYNAMIC_NO_PIC = NO;
				GCC_NO_COMMON_BLOCKS = YES;
				GCC_OPTIMIZATION_LEVEL = 0;
				GCC_PREPROCESSOR_DEFINITIONS = (
					"DEBUG=1",
					"$(inherited)",
				);
				GCC_WARN_64_TO_32_BIT_CONVERSION = YES;
				GCC_WARN_ABOUT_RETURN_TYPE = YES_ERROR;
				GCC_WARN_UNDECLARED_SELECTOR = YES;
				GCC_WARN_UNINITIALIZED_AUTOS = YES_AGGRESSIVE;
				GCC_WARN_UNUSED_FUNCTION = YES;
				GCC_WARN_UNUSED_VARIABLE = YES;
				MACOSX_DEPLOYMENT_TARGET = 10.15;
				MTL_ENABLE_DEBUG_INFO = INCLUDE_SOURCE;
				MTL_FAST_MATH = YES;
				ONLY_ACTIVE_ARCH = YES;
				SDKROOT = macosx;
				SWIFT_ACTIVE_COMPILATION_CONDITIONS = DEBUG;
				SWIFT_OPTIMIZATION_LEVEL = "-Onone";
			};
			name = Debug;
		};
		807C23D923C338B400F058FD /* Release */ = {
			isa = XCBuildConfiguration;
			buildSettings = {
				ALWAYS_SEARCH_USER_PATHS = NO;
				CLANG_ANALYZER_NONNULL = YES;
				CLANG_ANALYZER_NUMBER_OBJECT_CONVERSION = YES_AGGRESSIVE;
				CLANG_CXX_LANGUAGE_STANDARD = "gnu++14";
				CLANG_CXX_LIBRARY = "libc++";
				CLANG_ENABLE_MODULES = YES;
				CLANG_ENABLE_OBJC_ARC = YES;
				CLANG_ENABLE_OBJC_WEAK = YES;
				CLANG_WARN_BLOCK_CAPTURE_AUTORELEASING = YES;
				CLANG_WARN_BOOL_CONVERSION = YES;
				CLANG_WARN_COMMA = YES;
				CLANG_WARN_CONSTANT_CONVERSION = YES;
				CLANG_WARN_DEPRECATED_OBJC_IMPLEMENTATIONS = YES;
				CLANG_WARN_DIRECT_OBJC_ISA_USAGE = YES_ERROR;
				CLANG_WARN_DOCUMENTATION_COMMENTS = YES;
				CLANG_WARN_EMPTY_BODY = YES;
				CLANG_WARN_ENUM_CONVERSION = YES;
				CLANG_WARN_INFINITE_RECURSION = YES;
				CLANG_WARN_INT_CONVERSION = YES;
				CLANG_WARN_NON_LITERAL_NULL_CONVERSION = YES;
				CLANG_WARN_OBJC_IMPLICIT_RETAIN_SELF = YES;
				CLANG_WARN_OBJC_LITERAL_CONVERSION = YES;
				CLANG_WARN_OBJC_ROOT_CLASS = YES_ERROR;
				CLANG_WARN_RANGE_LOOP_ANALYSIS = YES;
				CLANG_WARN_STRICT_PROTOTYPES = YES;
				CLANG_WARN_SUSPICIOUS_MOVE = YES;
				CLANG_WARN_UNGUARDED_AVAILABILITY = YES_AGGRESSIVE;
				CLANG_WARN_UNREACHABLE_CODE = YES;
				CLANG_WARN__DUPLICATE_METHOD_MATCH = YES;
				COPY_PHASE_STRIP = NO;
				DEBUG_INFORMATION_FORMAT = "dwarf-with-dsym";
				ENABLE_NS_ASSERTIONS = NO;
				ENABLE_STRICT_OBJC_MSGSEND = YES;
				GCC_C_LANGUAGE_STANDARD = gnu11;
				GCC_NO_COMMON_BLOCKS = YES;
				GCC_WARN_64_TO_32_BIT_CONVERSION = YES;
				GCC_WARN_ABOUT_RETURN_TYPE = YES_ERROR;
				GCC_WARN_UNDECLARED_SELECTOR = YES;
				GCC_WARN_UNINITIALIZED_AUTOS = YES_AGGRESSIVE;
				GCC_WARN_UNUSED_FUNCTION = YES;
				GCC_WARN_UNUSED_VARIABLE = YES;
				MACOSX_DEPLOYMENT_TARGET = 10.15;
				MTL_ENABLE_DEBUG_INFO = NO;
				MTL_FAST_MATH = YES;
				SDKROOT = macosx;
				SWIFT_COMPILATION_MODE = wholemodule;
				SWIFT_OPTIMIZATION_LEVEL = "-O";
			};
			name = Release;
		};
		807C23DB23C338B400F058FD /* Debug */ = {
			isa = XCBuildConfiguration;
			buildSettings = {
				ASSETCATALOG_COMPILER_APPICON_NAME = AppIcon;
				CODE_SIGN_ENTITLEMENTS = "kgTrack-macOS/kgTrack_macOS.entitlements";
				CODE_SIGN_STYLE = Automatic;
				COMBINE_HIDPI_IMAGES = YES;
				DEVELOPMENT_ASSET_PATHS = "\"kgTrack-macOS/Preview Content\"";
				DEVELOPMENT_TEAM = 845Z64R8BT;
				ENABLE_HARDENED_RUNTIME = YES;
				ENABLE_PREVIEWS = YES;
				INFOPLIST_FILE = "kgTrack-macOS/Info.plist";
				LD_RUNPATH_SEARCH_PATHS = (
					"$(inherited)",
					"@executable_path/../Frameworks",
				);
				MACOSX_DEPLOYMENT_TARGET = 10.15;
				PRODUCT_BUNDLE_IDENTIFIER = "com.hazhapard.kgTrack-macOS";
				PRODUCT_NAME = "$(TARGET_NAME)";
				SWIFT_VERSION = 5.0;
			};
			name = Debug;
		};
		807C23DC23C338B400F058FD /* Release */ = {
			isa = XCBuildConfiguration;
			buildSettings = {
				ASSETCATALOG_COMPILER_APPICON_NAME = AppIcon;
				CODE_SIGN_ENTITLEMENTS = "kgTrack-macOS/kgTrack_macOS.entitlements";
				CODE_SIGN_STYLE = Automatic;
				COMBINE_HIDPI_IMAGES = YES;
				DEVELOPMENT_ASSET_PATHS = "\"kgTrack-macOS/Preview Content\"";
				DEVELOPMENT_TEAM = 845Z64R8BT;
				ENABLE_HARDENED_RUNTIME = YES;
				ENABLE_PREVIEWS = YES;
				INFOPLIST_FILE = "kgTrack-macOS/Info.plist";
				LD_RUNPATH_SEARCH_PATHS = (
					"$(inherited)",
					"@executable_path/../Frameworks",
				);
				MACOSX_DEPLOYMENT_TARGET = 10.15;
				PRODUCT_BUNDLE_IDENTIFIER = "com.hazhapard.kgTrack-macOS";
				PRODUCT_NAME = "$(TARGET_NAME)";
				SWIFT_VERSION = 5.0;
			};
			name = Release;
		};
/* End XCBuildConfiguration section */

/* Begin XCConfigurationList section */
		807C23BF23C338B200F058FD /* Build configuration list for PBXProject "kgTrack-macOS" */ = {
			isa = XCConfigurationList;
			buildConfigurations = (
				807C23D823C338B400F058FD /* Debug */,
				807C23D923C338B400F058FD /* Release */,
			);
			defaultConfigurationIsVisible = 0;
			defaultConfigurationName = Release;
		};
		807C23DA23C338B400F058FD /* Build configuration list for PBXNativeTarget "kgTrack-macOS" */ = {
			isa = XCConfigurationList;
			buildConfigurations = (
				807C23DB23C338B400F058FD /* Debug */,
				807C23DC23C338B400F058FD /* Release */,
			);
			defaultConfigurationIsVisible = 0;
			defaultConfigurationName = Release;
		};
/* End XCConfigurationList section */

/* Begin XCVersionGroup section */
		807C23CB23C338B200F058FD /* kgTrack_macOS.xcdatamodeld */ = {
			isa = XCVersionGroup;
			children = (
				807C23CC23C338B200F058FD /* kgTrack_macOS.xcdatamodel */,
			);
			currentVersion = 807C23CC23C338B200F058FD /* kgTrack_macOS.xcdatamodel */;
			path = kgTrack_macOS.xcdatamodeld;
			sourceTree = "<group>";
			versionGroupType = wrapper.xcdatamodel;
		};
/* End XCVersionGroup section */
	};
	rootObject = 807C23BC23C338B200F058FD /* Project object */;
}
